
Microsoft Visual Studio Solution File, Format Version 12.00
# Visual Studio Version 17
VisualStudioVersion = 17.7.34018.315
MinimumVisualStudioVersion = 10.0.40219.1
Project("{9A19103F-16F7-4668-BE54-9A1E7A4F7556}") = "NZWalksAPI", "NZWalksAPI\NZWalksAPI.csproj", "{4C590E94-45FF-421E-B048-0C1CA85144B1}"
EndProject
Project("{FAE04EC0-301F-11D3-BF4B-00C04F79EFBC}") = "NZWalks.UI", "NZWalks.UI\NZWalks.UI.csproj", "{CFE38883-7F5D-4BFE-A790-2A8F6B583415}"
EndProject
Global
	GlobalSection(SolutionConfigurationPlatforms) = preSolution
		Debug|Any CPU = Debug|Any CPU
		Release|Any CPU = Release|Any CPU
	EndGlobalSection
	GlobalSection(ProjectConfigurationPlatforms) = postSolution
		{4C590E94-45FF-421E-B048-0C1CA85144B1}.Debug|Any CPU.ActiveCfg = Debug|Any CPU
		{4C590E94-45FF-421E-B048-0C1CA85144B1}.Debug|Any CPU.Build.0 = Debug|Any CPU
		{4C590E94-45FF-421E-B048-0C1CA85144B1}.Release|Any CPU.ActiveCfg = Release|Any CPU
		{4C590E94-45FF-421E-B048-0C1CA85144B1}.Release|Any CPU.Build.0 = Release|Any CPU
		{CFE38883-7F5D-4BFE-A790-2A8F6B583415}.Debug|Any CPU.ActiveCfg = Debug|Any CPU
		{CFE38883-7F5D-4BFE-A790-2A8F6B583415}.Debug|Any CPU.Build.0 = Debug|Any CPU
		{CFE38883-7F5D-4BFE-A790-2A8F6B583415}.Release|Any CPU.ActiveCfg = Release|Any CPU
		{CFE38883-7F5D-4BFE-A790-2A8F6B583415}.Release|Any CPU.Build.0 = Release|Any CPU
	EndGlobalSection
	GlobalSection(SolutionProperties) = preSolution
		HideSolutionNode = FALSE
	EndGlobalSection
	GlobalSection(ExtensibilityGlobals) = postSolution
		SolutionGuid = {F2253941-8740-4C3C-BBD9-2510A335ADD8}
	EndGlobalSection
EndGlobal
